
Microsoft Visual Studio Solution File, Format Version 12.00
# Visual Studio Version 17
VisualStudioVersion = 17.1.32210.238
MinimumVisualStudioVersion = 10.0.40219.1
Project("{9A19103F-16F7-4668-BE54-9A1E7A4F7556}") = "BusinessObjects", "BusinessObjects\BusinessObjects.csproj", "{B87A246E-93D7-45AB-BE81-A0F2A5870C2C}"
EndProject
Project("{9A19103F-16F7-4668-BE54-9A1E7A4F7556}") = "SunD", "SunD\SunD.csproj", "{B81CDA7D-86DD-433A-A10E-8D15FA1E8394}"
EndProject
Project("{9A19103F-16F7-4668-BE54-9A1E7A4F7556}") = "ServiceLibrary", "ServiceLibrary\ServiceLibrary.csproj", "{8D770108-9211-4144-96D2-8E4A267D6AEB}"
EndProject
Project("{9A19103F-16F7-4668-BE54-9A1E7A4F7556}") = "RepositoryLibrary", "RepositoryLibrary\RepositoryLibrary.csproj", "{FE131709-3165-4323-AE8A-71A03EBBE3CA}"
EndProject
Project("{FAE04EC0-301F-11D3-BF4B-00C04F79EFBC}") = "IoCFactory", "IoCFactory\IoCFactory.csproj", "{30F84E11-831B-4ED9-8848-320527649D2B}"
EndProject
Global
	GlobalSection(SolutionConfigurationPlatforms) = preSolution
		Debug|Any CPU = Debug|Any CPU
		Release|Any CPU = Release|Any CPU
	EndGlobalSection
	GlobalSection(ProjectConfigurationPlatforms) = postSolution
		{B87A246E-93D7-45AB-BE81-A0F2A5870C2C}.Debug|Any CPU.ActiveCfg = Debug|Any CPU
		{B87A246E-93D7-45AB-BE81-A0F2A5870C2C}.Debug|Any CPU.Build.0 = Debug|Any CPU
		{B87A246E-93D7-45AB-BE81-A0F2A5870C2C}.Release|Any CPU.ActiveCfg = Release|Any CPU
		{B87A246E-93D7-45AB-BE81-A0F2A5870C2C}.Release|Any CPU.Build.0 = Release|Any CPU
		{B81CDA7D-86DD-433A-A10E-8D15FA1E8394}.Debug|Any CPU.ActiveCfg = Debug|Any CPU
		{B81CDA7D-86DD-433A-A10E-8D15FA1E8394}.Debug|Any CPU.Build.0 = Debug|Any CPU
		{B81CDA7D-86DD-433A-A10E-8D15FA1E8394}.Release|Any CPU.ActiveCfg = Release|Any CPU
		{B81CDA7D-86DD-433A-A10E-8D15FA1E8394}.Release|Any CPU.Build.0 = Release|Any CPU
		{8D770108-9211-4144-96D2-8E4A267D6AEB}.Debug|Any CPU.ActiveCfg = Debug|Any CPU
		{8D770108-9211-4144-96D2-8E4A267D6AEB}.Debug|Any CPU.Build.0 = Debug|Any CPU
		{8D770108-9211-4144-96D2-8E4A267D6AEB}.Release|Any CPU.ActiveCfg = Release|Any CPU
		{8D770108-9211-4144-96D2-8E4A267D6AEB}.Release|Any CPU.Build.0 = Release|Any CPU
		{FE131709-3165-4323-AE8A-71A03EBBE3CA}.Debug|Any CPU.ActiveCfg = Debug|Any CPU
		{FE131709-3165-4323-AE8A-71A03EBBE3CA}.Debug|Any CPU.Build.0 = Debug|Any CPU
		{FE131709-3165-4323-AE8A-71A03EBBE3CA}.Release|Any CPU.ActiveCfg = Release|Any CPU
		{FE131709-3165-4323-AE8A-71A03EBBE3CA}.Release|Any CPU.Build.0 = Release|Any CPU
		{30F84E11-831B-4ED9-8848-320527649D2B}.Debug|Any CPU.ActiveCfg = Debug|Any CPU
		{30F84E11-831B-4ED9-8848-320527649D2B}.Debug|Any CPU.Build.0 = Debug|Any CPU
		{30F84E11-831B-4ED9-8848-320527649D2B}.Release|Any CPU.ActiveCfg = Release|Any CPU
		{30F84E11-831B-4ED9-8848-320527649D2B}.Release|Any CPU.Build.0 = Release|Any CPU
	EndGlobalSection
	GlobalSection(SolutionProperties) = preSolution
		HideSolutionNode = FALSE
	EndGlobalSection
	GlobalSection(ExtensibilityGlobals) = postSolution
		SolutionGuid = {813F10E4-3F9D-40E7-A3BE-B2BFF539894A}
	EndGlobalSection
EndGlobal
